
Microsoft Visual Studio Solution File, Format Version 12.00
# Visual Studio Version 17
VisualStudioVersion = 17.8.34511.84
MinimumVisualStudioVersion = 10.0.40219.1
Project("{2150E333-8FDC-42A3-9474-1A3956D46DE8}") = "Solution Items", "Solution Items", "{B29582B2-9502-4285-BDF4-9AA8AFC0896F}"
	ProjectSection(SolutionItems) = preProject
		README.md = README.md
	EndProjectSection
EndProject
Project("{2150E333-8FDC-42A3-9474-1A3956D46DE8}") = "ProductRefitService", "ProductRefitService", "{5EC8B641-A413-4AB5-9195-3CCFFE3E9B21}"
EndProject
Project("{2150E333-8FDC-42A3-9474-1A3956D46DE8}") = "ProductService", "ProductService", "{909B09E4-3FF2-4518-8924-C3B19A8CE042}"
EndProject
Project("{2150E333-8FDC-42A3-9474-1A3956D46DE8}") = "AuthenticationService", "AuthenticationService", "{C376D3E5-BC1F-45B8-A671-8E4212A08DCE}"
EndProject
Project("{2150E333-8FDC-42A3-9474-1A3956D46DE8}") = "UserService", "UserService", "{EC93905C-730E-4F0B-B15D-113C40BDA1D9}"
EndProject
Project("{E53339B2-1760-4266-BCC7-CA923CBCF16C}") = "docker-compose", "docker-compose.dcproj", "{0C076566-6B67-49C4-A3C8-48A22D42B026}"
EndProject
Project("{2150E333-8FDC-42A3-9474-1A3956D46DE8}") = "RPAMercadoLivreService", "RPAMercadoLivreService", "{EB110B9D-8028-416C-A99B-3A1257FB5ED5}"
EndProject
Project("{9A19103F-16F7-4668-BE54-9A1E7A4F7556}") = "ProductService.Domain", "ProductService\ProductService.Domain\ProductService.Domain.csproj", "{2D5CB0B0-94A4-427D-B00F-514D3760F84A}"
EndProject
Project("{9A19103F-16F7-4668-BE54-9A1E7A4F7556}") = "ProductService.Data", "ProductService\ProductService.Data\ProductService.Data.csproj", "{25E6AA75-1B74-4E06-935C-03C5369699FD}"
EndProject
Project("{9A19103F-16F7-4668-BE54-9A1E7A4F7556}") = "ProductService.Application", "ProductService\ProductService.Application\ProductService.Application.csproj", "{9B156CAC-316F-4503-9C75-D4FACF0E29A9}"
EndProject
Project("{9A19103F-16F7-4668-BE54-9A1E7A4F7556}") = "ProductService.Infra", "ProductService\ProductService.Infra\ProductService.Infra.csproj", "{D9CCCF1F-AFCB-4E0C-936E-56FD09221DF8}"
EndProject
Project("{9A19103F-16F7-4668-BE54-9A1E7A4F7556}") = "ProductService.WebApi", "ProductService\ProductService.WebApi\ProductService.WebApi.csproj", "{AEC4A8CF-287E-4301-BA33-3F8FA7769163}"
EndProject
Project("{9A19103F-16F7-4668-BE54-9A1E7A4F7556}") = "ProductService.Contracts", "ProductService\ProductService.Contracts\ProductService.Contracts.csproj", "{3E4C0E09-5F99-4B3C-99FB-A687E399C2AB}"
EndProject
Project("{2150E333-8FDC-42A3-9474-1A3956D46DE8}") = "ProductCrosscutting", "ProductCrosscutting", "{BF7D49FC-D956-4B4F-85F3-F9AB25A11662}"
EndProject
Project("{9A19103F-16F7-4668-BE54-9A1E7A4F7556}") = "ProductService.IoC", "ProductService\ProductService.IoC\ProductService.IoC.csproj", "{94500AAD-85F6-4A45-BB8C-C3D336B2D073}"
EndProject
Project("{9A19103F-16F7-4668-BE54-9A1E7A4F7556}") = "RPAMercadoLivre.Application", "RPAMercadoLivreService\RPAMercadoLivre.Application\RPAMercadoLivre.Application.csproj", "{14CA6913-4765-4DAC-B42F-22C2F2671516}"
EndProject
Project("{9A19103F-16F7-4668-BE54-9A1E7A4F7556}") = "RPAMercadoLivre.Infra", "RPAMercadoLivreService\RPAMercadoLIvre.Infra\RPAMercadoLivre.Infra.csproj", "{502170F6-6044-425A-B6FC-0D95DD3FB5B9}"
EndProject
Project("{9A19103F-16F7-4668-BE54-9A1E7A4F7556}") = "RPAMercadoLivre.Console", "RPAMercadoLivreService\RPAMercadoLivre.Console\RPAMercadoLivre.Console.csproj", "{315A6DEF-A488-42E2-93F5-EF51C803A50A}"
EndProject
Project("{9A19103F-16F7-4668-BE54-9A1E7A4F7556}") = "RPAMercadoLivre.Contracts", "RPAMercadoLivreService\RPAMercadoLivre.Contracts\RPAMercadoLivre.Contracts.csproj", "{19D2D429-D8A8-4FF7-B064-797C05DD456B}"
EndProject
Project("{2150E333-8FDC-42A3-9474-1A3956D46DE8}") = "RPAMercadoLivreCrosscutting", "RPAMercadoLivreCrosscutting", "{B226822C-F560-4DC7-8A20-E7FCF666F53C}"
EndProject
Project("{9A19103F-16F7-4668-BE54-9A1E7A4F7556}") = "RPAMercadoLivre.IoC", "RPAMercadoLivreService\RPAMercadoLivre.IoC\RPAMercadoLivre.IoC.csproj", "{AD8CACE9-4BDC-4394-A2F9-79D9EB654A90}"
EndProject
Project("{9A19103F-16F7-4668-BE54-9A1E7A4F7556}") = "RPAMercadoLivre.Domain", "RPAMercadoLivreService\RPAMercadoLivre.Domain\RPAMercadoLivre.Domain.csproj", "{84380EAD-899B-4AFB-8C69-CD75892CFD06}"
EndProject
Global
	GlobalSection(SolutionConfigurationPlatforms) = preSolution
		Debug|Any CPU = Debug|Any CPU
		Release|Any CPU = Release|Any CPU
	EndGlobalSection
	GlobalSection(ProjectConfigurationPlatforms) = postSolution
		{0C076566-6B67-49C4-A3C8-48A22D42B026}.Debug|Any CPU.ActiveCfg = Debug|Any CPU
		{0C076566-6B67-49C4-A3C8-48A22D42B026}.Debug|Any CPU.Build.0 = Debug|Any CPU
		{0C076566-6B67-49C4-A3C8-48A22D42B026}.Release|Any CPU.ActiveCfg = Release|Any CPU
		{2D5CB0B0-94A4-427D-B00F-514D3760F84A}.Debug|Any CPU.ActiveCfg = Debug|Any CPU
		{2D5CB0B0-94A4-427D-B00F-514D3760F84A}.Debug|Any CPU.Build.0 = Debug|Any CPU
		{2D5CB0B0-94A4-427D-B00F-514D3760F84A}.Release|Any CPU.ActiveCfg = Release|Any CPU
		{2D5CB0B0-94A4-427D-B00F-514D3760F84A}.Release|Any CPU.Build.0 = Release|Any CPU
		{25E6AA75-1B74-4E06-935C-03C5369699FD}.Debug|Any CPU.ActiveCfg = Debug|Any CPU
		{25E6AA75-1B74-4E06-935C-03C5369699FD}.Debug|Any CPU.Build.0 = Debug|Any CPU
		{25E6AA75-1B74-4E06-935C-03C5369699FD}.Release|Any CPU.ActiveCfg = Release|Any CPU
		{25E6AA75-1B74-4E06-935C-03C5369699FD}.Release|Any CPU.Build.0 = Release|Any CPU
		{9B156CAC-316F-4503-9C75-D4FACF0E29A9}.Debug|Any CPU.ActiveCfg = Debug|Any CPU
		{9B156CAC-316F-4503-9C75-D4FACF0E29A9}.Debug|Any CPU.Build.0 = Debug|Any CPU
		{9B156CAC-316F-4503-9C75-D4FACF0E29A9}.Release|Any CPU.ActiveCfg = Release|Any CPU
		{9B156CAC-316F-4503-9C75-D4FACF0E29A9}.Release|Any CPU.Build.0 = Release|Any CPU
		{D9CCCF1F-AFCB-4E0C-936E-56FD09221DF8}.Debug|Any CPU.ActiveCfg = Debug|Any CPU
		{D9CCCF1F-AFCB-4E0C-936E-56FD09221DF8}.Debug|Any CPU.Build.0 = Debug|Any CPU
		{D9CCCF1F-AFCB-4E0C-936E-56FD09221DF8}.Release|Any CPU.ActiveCfg = Release|Any CPU
		{D9CCCF1F-AFCB-4E0C-936E-56FD09221DF8}.Release|Any CPU.Build.0 = Release|Any CPU
		{AEC4A8CF-287E-4301-BA33-3F8FA7769163}.Debug|Any CPU.ActiveCfg = Debug|Any CPU
		{AEC4A8CF-287E-4301-BA33-3F8FA7769163}.Debug|Any CPU.Build.0 = Debug|Any CPU
		{AEC4A8CF-287E-4301-BA33-3F8FA7769163}.Release|Any CPU.ActiveCfg = Release|Any CPU
		{AEC4A8CF-287E-4301-BA33-3F8FA7769163}.Release|Any CPU.Build.0 = Release|Any CPU
		{3E4C0E09-5F99-4B3C-99FB-A687E399C2AB}.Debug|Any CPU.ActiveCfg = Debug|Any CPU
		{3E4C0E09-5F99-4B3C-99FB-A687E399C2AB}.Debug|Any CPU.Build.0 = Debug|Any CPU
		{3E4C0E09-5F99-4B3C-99FB-A687E399C2AB}.Release|Any CPU.ActiveCfg = Release|Any CPU
		{3E4C0E09-5F99-4B3C-99FB-A687E399C2AB}.Release|Any CPU.Build.0 = Release|Any CPU
		{94500AAD-85F6-4A45-BB8C-C3D336B2D073}.Debug|Any CPU.ActiveCfg = Debug|Any CPU
		{94500AAD-85F6-4A45-BB8C-C3D336B2D073}.Debug|Any CPU.Build.0 = Debug|Any CPU
		{94500AAD-85F6-4A45-BB8C-C3D336B2D073}.Release|Any CPU.ActiveCfg = Release|Any CPU
		{94500AAD-85F6-4A45-BB8C-C3D336B2D073}.Release|Any CPU.Build.0 = Release|Any CPU
		{14CA6913-4765-4DAC-B42F-22C2F2671516}.Debug|Any CPU.ActiveCfg = Debug|Any CPU
		{14CA6913-4765-4DAC-B42F-22C2F2671516}.Debug|Any CPU.Build.0 = Debug|Any CPU
		{14CA6913-4765-4DAC-B42F-22C2F2671516}.Release|Any CPU.ActiveCfg = Release|Any CPU
		{14CA6913-4765-4DAC-B42F-22C2F2671516}.Release|Any CPU.Build.0 = Release|Any CPU
		{502170F6-6044-425A-B6FC-0D95DD3FB5B9}.Debug|Any CPU.ActiveCfg = Debug|Any CPU
		{502170F6-6044-425A-B6FC-0D95DD3FB5B9}.Debug|Any CPU.Build.0 = Debug|Any CPU
		{502170F6-6044-425A-B6FC-0D95DD3FB5B9}.Release|Any CPU.ActiveCfg = Release|Any CPU
		{502170F6-6044-425A-B6FC-0D95DD3FB5B9}.Release|Any CPU.Build.0 = Release|Any CPU
		{315A6DEF-A488-42E2-93F5-EF51C803A50A}.Debug|Any CPU.ActiveCfg = Debug|Any CPU
		{315A6DEF-A488-42E2-93F5-EF51C803A50A}.Debug|Any CPU.Build.0 = Debug|Any CPU
		{315A6DEF-A488-42E2-93F5-EF51C803A50A}.Release|Any CPU.ActiveCfg = Release|Any CPU
		{315A6DEF-A488-42E2-93F5-EF51C803A50A}.Release|Any CPU.Build.0 = Release|Any CPU
		{19D2D429-D8A8-4FF7-B064-797C05DD456B}.Debug|Any CPU.ActiveCfg = Debug|Any CPU
		{19D2D429-D8A8-4FF7-B064-797C05DD456B}.Debug|Any CPU.Build.0 = Debug|Any CPU
		{19D2D429-D8A8-4FF7-B064-797C05DD456B}.Release|Any CPU.ActiveCfg = Release|Any CPU
		{19D2D429-D8A8-4FF7-B064-797C05DD456B}.Release|Any CPU.Build.0 = Release|Any CPU
		{AD8CACE9-4BDC-4394-A2F9-79D9EB654A90}.Debug|Any CPU.ActiveCfg = Debug|Any CPU
		{AD8CACE9-4BDC-4394-A2F9-79D9EB654A90}.Debug|Any CPU.Build.0 = Debug|Any CPU
		{AD8CACE9-4BDC-4394-A2F9-79D9EB654A90}.Release|Any CPU.ActiveCfg = Release|Any CPU
		{AD8CACE9-4BDC-4394-A2F9-79D9EB654A90}.Release|Any CPU.Build.0 = Release|Any CPU
		{84380EAD-899B-4AFB-8C69-CD75892CFD06}.Debug|Any CPU.ActiveCfg = Debug|Any CPU
		{84380EAD-899B-4AFB-8C69-CD75892CFD06}.Debug|Any CPU.Build.0 = Debug|Any CPU
		{84380EAD-899B-4AFB-8C69-CD75892CFD06}.Release|Any CPU.ActiveCfg = Release|Any CPU
		{84380EAD-899B-4AFB-8C69-CD75892CFD06}.Release|Any CPU.Build.0 = Release|Any CPU
	EndGlobalSection
	GlobalSection(SolutionProperties) = preSolution
		HideSolutionNode = FALSE
	EndGlobalSection
	GlobalSection(NestedProjects) = preSolution
		{2D5CB0B0-94A4-427D-B00F-514D3760F84A} = {909B09E4-3FF2-4518-8924-C3B19A8CE042}
		{25E6AA75-1B74-4E06-935C-03C5369699FD} = {909B09E4-3FF2-4518-8924-C3B19A8CE042}
		{9B156CAC-316F-4503-9C75-D4FACF0E29A9} = {909B09E4-3FF2-4518-8924-C3B19A8CE042}
		{D9CCCF1F-AFCB-4E0C-936E-56FD09221DF8} = {909B09E4-3FF2-4518-8924-C3B19A8CE042}
		{AEC4A8CF-287E-4301-BA33-3F8FA7769163} = {909B09E4-3FF2-4518-8924-C3B19A8CE042}
		{3E4C0E09-5F99-4B3C-99FB-A687E399C2AB} = {909B09E4-3FF2-4518-8924-C3B19A8CE042}
		{BF7D49FC-D956-4B4F-85F3-F9AB25A11662} = {909B09E4-3FF2-4518-8924-C3B19A8CE042}
		{94500AAD-85F6-4A45-BB8C-C3D336B2D073} = {BF7D49FC-D956-4B4F-85F3-F9AB25A11662}
		{14CA6913-4765-4DAC-B42F-22C2F2671516} = {EB110B9D-8028-416C-A99B-3A1257FB5ED5}
		{502170F6-6044-425A-B6FC-0D95DD3FB5B9} = {EB110B9D-8028-416C-A99B-3A1257FB5ED5}
		{315A6DEF-A488-42E2-93F5-EF51C803A50A} = {EB110B9D-8028-416C-A99B-3A1257FB5ED5}
		{19D2D429-D8A8-4FF7-B064-797C05DD456B} = {EB110B9D-8028-416C-A99B-3A1257FB5ED5}
		{B226822C-F560-4DC7-8A20-E7FCF666F53C} = {EB110B9D-8028-416C-A99B-3A1257FB5ED5}
		{AD8CACE9-4BDC-4394-A2F9-79D9EB654A90} = {B226822C-F560-4DC7-8A20-E7FCF666F53C}
		{84380EAD-899B-4AFB-8C69-CD75892CFD06} = {EB110B9D-8028-416C-A99B-3A1257FB5ED5}
	EndGlobalSection
	GlobalSection(ExtensibilityGlobals) = postSolution
		SolutionGuid = {879B1995-CC64-4E36-A2B5-5A146CF7109D}
	EndGlobalSection
EndGlobal
