
Microsoft Visual Studio Solution File, Format Version 12.00
# Visual Studio Version 17
VisualStudioVersion = 17.8.34511.84
MinimumVisualStudioVersion = 10.0.40219.1
Project("{2150E333-8FDC-42A3-9474-1A3956D46DE8}") = "Solution Items", "Solution Items", "{B29582B2-9502-4285-BDF4-9AA8AFC0896F}"
	ProjectSection(SolutionItems) = preProject
		README.md = README.md
	EndProjectSection
EndProject
Project("{2150E333-8FDC-42A3-9474-1A3956D46DE8}") = "ProductRefitService", "ProductRefitService", "{5EC8B641-A413-4AB5-9195-3CCFFE3E9B21}"
EndProject
Project("{2150E333-8FDC-42A3-9474-1A3956D46DE8}") = "ProductService", "ProductService", "{909B09E4-3FF2-4518-8924-C3B19A8CE042}"
EndProject
Project("{2150E333-8FDC-42A3-9474-1A3956D46DE8}") = "AuthenticationService", "AuthenticationService", "{C376D3E5-BC1F-45B8-A671-8E4212A08DCE}"
EndProject
Project("{2150E333-8FDC-42A3-9474-1A3956D46DE8}") = "UserService", "UserService", "{EC93905C-730E-4F0B-B15D-113C40BDA1D9}"
EndProject
Project("{E53339B2-1760-4266-BCC7-CA923CBCF16C}") = "docker-compose", "docker-compose.dcproj", "{0C076566-6B67-49C4-A3C8-48A22D42B026}"
EndProject
Project("{2150E333-8FDC-42A3-9474-1A3956D46DE8}") = "RPAMercadoLivreService", "RPAMercadoLivreService", "{EB110B9D-8028-416C-A99B-3A1257FB5ED5}"
EndProject
Project("{9A19103F-16F7-4668-BE54-9A1E7A4F7556}") = "ProductService.Domain", "ProductService\ProductService.Domain\ProductService.Domain.csproj", "{2D5CB0B0-94A4-427D-B00F-514D3760F84A}"
EndProject
Project("{9A19103F-16F7-4668-BE54-9A1E7A4F7556}") = "ProductService.Data", "ProductService\ProductService.Data\ProductService.Data.csproj", "{25E6AA75-1B74-4E06-935C-03C5369699FD}"
EndProject
Project("{9A19103F-16F7-4668-BE54-9A1E7A4F7556}") = "ProductService.Application", "ProductService\ProductService.Application\ProductService.Application.csproj", "{9B156CAC-316F-4503-9C75-D4FACF0E29A9}"
EndProject
Project("{9A19103F-16F7-4668-BE54-9A1E7A4F7556}") = "ProductService.Infra", "ProductService\ProductService.Infra\ProductService.Infra.csproj", "{D9CCCF1F-AFCB-4E0C-936E-56FD09221DF8}"
EndProject
Project("{9A19103F-16F7-4668-BE54-9A1E7A4F7556}") = "ProductService.WebApi", "ProductService\ProductService.WebApi\ProductService.WebApi.csproj", "{AEC4A8CF-287E-4301-BA33-3F8FA7769163}"
EndProject
Project("{FAE04EC0-301F-11D3-BF4B-00C04F79EFBC}") = "ProductService.Contracts", "ProductService\ProductService.Contracts\ProductService.Contracts.csproj", "{3E4C0E09-5F99-4B3C-99FB-A687E399C2AB}"
EndProject
Global
	GlobalSection(SolutionConfigurationPlatforms) = preSolution
		Debug|Any CPU = Debug|Any CPU
		Release|Any CPU = Release|Any CPU
	EndGlobalSection
	GlobalSection(ProjectConfigurationPlatforms) = postSolution
		{0C076566-6B67-49C4-A3C8-48A22D42B026}.Debug|Any CPU.ActiveCfg = Debug|Any CPU
		{0C076566-6B67-49C4-A3C8-48A22D42B026}.Debug|Any CPU.Build.0 = Debug|Any CPU
		{0C076566-6B67-49C4-A3C8-48A22D42B026}.Release|Any CPU.ActiveCfg = Release|Any CPU
		{2D5CB0B0-94A4-427D-B00F-514D3760F84A}.Debug|Any CPU.ActiveCfg = Debug|Any CPU
		{2D5CB0B0-94A4-427D-B00F-514D3760F84A}.Debug|Any CPU.Build.0 = Debug|Any CPU
		{2D5CB0B0-94A4-427D-B00F-514D3760F84A}.Release|Any CPU.ActiveCfg = Release|Any CPU
		{2D5CB0B0-94A4-427D-B00F-514D3760F84A}.Release|Any CPU.Build.0 = Release|Any CPU
		{25E6AA75-1B74-4E06-935C-03C5369699FD}.Debug|Any CPU.ActiveCfg = Debug|Any CPU
		{25E6AA75-1B74-4E06-935C-03C5369699FD}.Debug|Any CPU.Build.0 = Debug|Any CPU
		{25E6AA75-1B74-4E06-935C-03C5369699FD}.Release|Any CPU.ActiveCfg = Release|Any CPU
		{25E6AA75-1B74-4E06-935C-03C5369699FD}.Release|Any CPU.Build.0 = Release|Any CPU
		{9B156CAC-316F-4503-9C75-D4FACF0E29A9}.Debug|Any CPU.ActiveCfg = Debug|Any CPU
		{9B156CAC-316F-4503-9C75-D4FACF0E29A9}.Debug|Any CPU.Build.0 = Debug|Any CPU
		{9B156CAC-316F-4503-9C75-D4FACF0E29A9}.Release|Any CPU.ActiveCfg = Release|Any CPU
		{9B156CAC-316F-4503-9C75-D4FACF0E29A9}.Release|Any CPU.Build.0 = Release|Any CPU
		{D9CCCF1F-AFCB-4E0C-936E-56FD09221DF8}.Debug|Any CPU.ActiveCfg = Debug|Any CPU
		{D9CCCF1F-AFCB-4E0C-936E-56FD09221DF8}.Debug|Any CPU.Build.0 = Debug|Any CPU
		{D9CCCF1F-AFCB-4E0C-936E-56FD09221DF8}.Release|Any CPU.ActiveCfg = Release|Any CPU
		{D9CCCF1F-AFCB-4E0C-936E-56FD09221DF8}.Release|Any CPU.Build.0 = Release|Any CPU
		{AEC4A8CF-287E-4301-BA33-3F8FA7769163}.Debug|Any CPU.ActiveCfg = Debug|Any CPU
		{AEC4A8CF-287E-4301-BA33-3F8FA7769163}.Debug|Any CPU.Build.0 = Debug|Any CPU
		{AEC4A8CF-287E-4301-BA33-3F8FA7769163}.Release|Any CPU.ActiveCfg = Release|Any CPU
		{AEC4A8CF-287E-4301-BA33-3F8FA7769163}.Release|Any CPU.Build.0 = Release|Any CPU
		{3E4C0E09-5F99-4B3C-99FB-A687E399C2AB}.Debug|Any CPU.ActiveCfg = Debug|Any CPU
		{3E4C0E09-5F99-4B3C-99FB-A687E399C2AB}.Debug|Any CPU.Build.0 = Debug|Any CPU
		{3E4C0E09-5F99-4B3C-99FB-A687E399C2AB}.Release|Any CPU.ActiveCfg = Release|Any CPU
		{3E4C0E09-5F99-4B3C-99FB-A687E399C2AB}.Release|Any CPU.Build.0 = Release|Any CPU
	EndGlobalSection
	GlobalSection(SolutionProperties) = preSolution
		HideSolutionNode = FALSE
	EndGlobalSection
	GlobalSection(NestedProjects) = preSolution
		{2D5CB0B0-94A4-427D-B00F-514D3760F84A} = {909B09E4-3FF2-4518-8924-C3B19A8CE042}
		{25E6AA75-1B74-4E06-935C-03C5369699FD} = {909B09E4-3FF2-4518-8924-C3B19A8CE042}
		{9B156CAC-316F-4503-9C75-D4FACF0E29A9} = {909B09E4-3FF2-4518-8924-C3B19A8CE042}
		{D9CCCF1F-AFCB-4E0C-936E-56FD09221DF8} = {909B09E4-3FF2-4518-8924-C3B19A8CE042}
		{AEC4A8CF-287E-4301-BA33-3F8FA7769163} = {909B09E4-3FF2-4518-8924-C3B19A8CE042}
		{3E4C0E09-5F99-4B3C-99FB-A687E399C2AB} = {909B09E4-3FF2-4518-8924-C3B19A8CE042}
	EndGlobalSection
	GlobalSection(ExtensibilityGlobals) = postSolution
		SolutionGuid = {879B1995-CC64-4E36-A2B5-5A146CF7109D}
	EndGlobalSection
EndGlobal
